// !$*UTF8*$!
{
	archiveVersion = 1;
	classes = {
	};
	objectVersion = 46;
	objects = {

/* Begin PBXBuildFile section */
		C1004A801CAC78B500E78E5E /* Playlist.m in Sources */ = {isa = PBXBuildFile; fileRef = C1004A7F1CAC78B500E78E5E /* Playlist.m */; };
		C1C23B0E1C20E10D0095C466 /* main.m in Sources */ = {isa = PBXBuildFile; fileRef = C1C23B0D1C20E10D0095C466 /* main.m */; };
		C1C23B111C20E10D0095C466 /* AppDelegate.m in Sources */ = {isa = PBXBuildFile; fileRef = C1C23B101C20E10D0095C466 /* AppDelegate.m */; };
		C1C23B141C20E10D0095C466 /* PlaylistMasterViewController.m in Sources */ = {isa = PBXBuildFile; fileRef = C1C23B131C20E10D0095C466 /* PlaylistMasterViewController.m */; };
		C1C23B171C20E10D0095C466 /* Main.storyboard in Resources */ = {isa = PBXBuildFile; fileRef = C1C23B151C20E10D0095C466 /* Main.storyboard */; };
		C1C23B191C20E10E0095C466 /* Assets.xcassets in Resources */ = {isa = PBXBuildFile; fileRef = C1C23B181C20E10E0095C466 /* Assets.xcassets */; };
		C1C23B1C1C20E10E0095C466 /* LaunchScreen.storyboard in Resources */ = {isa = PBXBuildFile; fileRef = C1C23B1A1C20E10E0095C466 /* LaunchScreen.storyboard */; };
		C1C23B271C20E10E0095C466 /* AlgorythmTests.m in Sources */ = {isa = PBXBuildFile; fileRef = C1C23B261C20E10E0095C466 /* AlgorythmTests.m */; };
		C1C23B321C20E10E0095C466 /* AlgorythmUITests.m in Sources */ = {isa = PBXBuildFile; fileRef = C1C23B311C20E10E0095C466 /* AlgorythmUITests.m */; };
		C1C23B411C20EB020095C466 /* PlaylistDetailViewController.m in Sources */ = {isa = PBXBuildFile; fileRef = C1C23B401C20EB020095C466 /* PlaylistDetailViewController.m */; };
		C1F7A7C11C25E5D1005A0228 /* MusicLibrary.m in Sources */ = {isa = PBXBuildFile; fileRef = C1F7A7C01C25E5D1005A0228 /* MusicLibrary.m */; };
/* End PBXBuildFile section */

/* Begin PBXContainerItemProxy section */
		C1C23B231C20E10E0095C466 /* PBXContainerItemProxy */ = {
			isa = PBXContainerItemProxy;
			containerPortal = C1C23B011C20E10D0095C466 /* Project object */;
			proxyType = 1;
			remoteGlobalIDString = C1C23B081C20E10D0095C466;
			remoteInfo = Algorythm;
		};
		C1C23B2E1C20E10E0095C466 /* PBXContainerItemProxy */ = {
			isa = PBXContainerItemProxy;
			containerPortal = C1C23B011C20E10D0095C466 /* Project object */;
			proxyType = 1;
			remoteGlobalIDString = C1C23B081C20E10D0095C466;
			remoteInfo = Algorythm;
		};
/* End PBXContainerItemProxy section */

/* Begin PBXFileReference section */
		C1004A7E1CAC78B500E78E5E /* Playlist.h */ = {isa = PBXFileReference; fileEncoding = 4; lastKnownFileType = sourcecode.c.h; path = Playlist.h; sourceTree = "<group>"; };
		C1004A7F1CAC78B500E78E5E /* Playlist.m */ = {isa = PBXFileReference; fileEncoding = 4; lastKnownFileType = sourcecode.c.objc; path = Playlist.m; sourceTree = "<group>"; };
		C1C23B091C20E10D0095C466 /* Algorythm.app */ = {isa = PBXFileReference; explicitFileType = wrapper.application; includeInIndex = 0; path = Algorythm.app; sourceTree = BUILT_PRODUCTS_DIR; };
		C1C23B0D1C20E10D0095C466 /* main.m */ = {isa = PBXFileReference; lastKnownFileType = sourcecode.c.objc; path = main.m; sourceTree = "<group>"; };
		C1C23B0F1C20E10D0095C466 /* AppDelegate.h */ = {isa = PBXFileReference; lastKnownFileType = sourcecode.c.h; path = AppDelegate.h; sourceTree = "<group>"; };
		C1C23B101C20E10D0095C466 /* AppDelegate.m */ = {isa = PBXFileReference; lastKnownFileType = sourcecode.c.objc; path = AppDelegate.m; sourceTree = "<group>"; };
		C1C23B121C20E10D0095C466 /* PlaylistMasterViewController.h */ = {isa = PBXFileReference; lastKnownFileType = sourcecode.c.h; path = PlaylistMasterViewController.h; sourceTree = "<group>"; };
		C1C23B131C20E10D0095C466 /* PlaylistMasterViewController.m */ = {isa = PBXFileReference; lastKnownFileType = sourcecode.c.objc; path = PlaylistMasterViewController.m; sourceTree = "<group>"; };
		C1C23B161C20E10D0095C466 /* Base */ = {isa = PBXFileReference; lastKnownFileType = file.storyboard; name = Base; path = Base.lproj/Main.storyboard; sourceTree = "<group>"; };
		C1C23B181C20E10E0095C466 /* Assets.xcassets */ = {isa = PBXFileReference; lastKnownFileType = folder.assetcatalog; path = Assets.xcassets; sourceTree = "<group>"; };
		C1C23B1B1C20E10E0095C466 /* Base */ = {isa = PBXFileReference; lastKnownFileType = file.storyboard; name = Base; path = Base.lproj/LaunchScreen.storyboard; sourceTree = "<group>"; };
		C1C23B1D1C20E10E0095C466 /* Info.plist */ = {isa = PBXFileReference; lastKnownFileType = text.plist.xml; path = Info.plist; sourceTree = "<group>"; };
		C1C23B221C20E10E0095C466 /* AlgorythmTests.xctest */ = {isa = PBXFileReference; explicitFileType = wrapper.cfbundle; includeInIndex = 0; path = AlgorythmTests.xctest; sourceTree = BUILT_PRODUCTS_DIR; };
		C1C23B261C20E10E0095C466 /* AlgorythmTests.m */ = {isa = PBXFileReference; lastKnownFileType = sourcecode.c.objc; path = AlgorythmTests.m; sourceTree = "<group>"; };
		C1C23B281C20E10E0095C466 /* Info.plist */ = {isa = PBXFileReference; lastKnownFileType = text.plist.xml; path = Info.plist; sourceTree = "<group>"; };
		C1C23B2D1C20E10E0095C466 /* AlgorythmUITests.xctest */ = {isa = PBXFileReference; explicitFileType = wrapper.cfbundle; includeInIndex = 0; path = AlgorythmUITests.xctest; sourceTree = BUILT_PRODUCTS_DIR; };
		C1C23B311C20E10E0095C466 /* AlgorythmUITests.m */ = {isa = PBXFileReference; lastKnownFileType = sourcecode.c.objc; path = AlgorythmUITests.m; sourceTree = "<group>"; };
		C1C23B331C20E10E0095C466 /* Info.plist */ = {isa = PBXFileReference; lastKnownFileType = text.plist.xml; path = Info.plist; sourceTree = "<group>"; };
		C1C23B3F1C20EB020095C466 /* PlaylistDetailViewController.h */ = {isa = PBXFileReference; fileEncoding = 4; lastKnownFileType = sourcecode.c.h; path = PlaylistDetailViewController.h; sourceTree = "<group>"; };
		C1C23B401C20EB020095C466 /* PlaylistDetailViewController.m */ = {isa = PBXFileReference; fileEncoding = 4; lastKnownFileType = sourcecode.c.objc; path = PlaylistDetailViewController.m; sourceTree = "<group>"; };
		C1F7A7BF1C25E5D1005A0228 /* MusicLibrary.h */ = {isa = PBXFileReference; fileEncoding = 4; lastKnownFileType = sourcecode.c.h; path = MusicLibrary.h; sourceTree = "<group>"; };
		C1F7A7C01C25E5D1005A0228 /* MusicLibrary.m */ = {isa = PBXFileReference; fileEncoding = 4; lastKnownFileType = sourcecode.c.objc; path = MusicLibrary.m; sourceTree = "<group>"; };
/* End PBXFileReference section */

/* Begin PBXFrameworksBuildPhase section */
		C1C23B061C20E10D0095C466 /* Frameworks */ = {
			isa = PBXFrameworksBuildPhase;
			buildActionMask = 2147483647;
			files = (
			);
			runOnlyForDeploymentPostprocessing = 0;
		};
		C1C23B1F1C20E10E0095C466 /* Frameworks */ = {
			isa = PBXFrameworksBuildPhase;
			buildActionMask = 2147483647;
			files = (
			);
			runOnlyForDeploymentPostprocessing = 0;
		};
		C1C23B2A1C20E10E0095C466 /* Frameworks */ = {
			isa = PBXFrameworksBuildPhase;
			buildActionMask = 2147483647;
			files = (
			);
			runOnlyForDeploymentPostprocessing = 0;
		};
/* End PBXFrameworksBuildPhase section */

/* Begin PBXGroup section */
		C1C23B001C20E10D0095C466 = {
			isa = PBXGroup;
			children = (
				C1C23B0B1C20E10D0095C466 /* Algorythm */,
				C1C23B251C20E10E0095C466 /* AlgorythmTests */,
				C1C23B301C20E10E0095C466 /* AlgorythmUITests */,
				C1C23B0A1C20E10D0095C466 /* Products */,
			);
			sourceTree = "<group>";
		};
		C1C23B0A1C20E10D0095C466 /* Products */ = {
			isa = PBXGroup;
			children = (
				C1C23B091C20E10D0095C466 /* Algorythm.app */,
				C1C23B221C20E10E0095C466 /* AlgorythmTests.xctest */,
				C1C23B2D1C20E10E0095C466 /* AlgorythmUITests.xctest */,
			);
			name = Products;
			sourceTree = "<group>";
		};
		C1C23B0B1C20E10D0095C466 /* Algorythm */ = {
			isa = PBXGroup;
			children = (
				C1C23B151C20E10D0095C466 /* Main.storyboard */,
				C1C23B0F1C20E10D0095C466 /* AppDelegate.h */,
				C1C23B101C20E10D0095C466 /* AppDelegate.m */,
				C1C23B121C20E10D0095C466 /* PlaylistMasterViewController.h */,
				C1C23B131C20E10D0095C466 /* PlaylistMasterViewController.m */,
				C1C23B3F1C20EB020095C466 /* PlaylistDetailViewController.h */,
				C1C23B401C20EB020095C466 /* PlaylistDetailViewController.m */,
				C1F7A7BF1C25E5D1005A0228 /* MusicLibrary.h */,
				C1F7A7C01C25E5D1005A0228 /* MusicLibrary.m */,
				C1004A7E1CAC78B500E78E5E /* Playlist.h */,
				C1004A7F1CAC78B500E78E5E /* Playlist.m */,
				C1C23B181C20E10E0095C466 /* Assets.xcassets */,
				C1C23B1D1C20E10E0095C466 /* Info.plist */,
				C1C23B0C1C20E10D0095C466 /* Supporting Files */,
				C1C23B1A1C20E10E0095C466 /* LaunchScreen.storyboard */,
			);
			path = Algorythm;
			sourceTree = "<group>";
		};
		C1C23B0C1C20E10D0095C466 /* Supporting Files */ = {
			isa = PBXGroup;
			children = (
				C1C23B0D1C20E10D0095C466 /* main.m */,
			);
			name = "Supporting Files";
			sourceTree = "<group>";
		};
		C1C23B251C20E10E0095C466 /* AlgorythmTests */ = {
			isa = PBXGroup;
			children = (
				C1C23B261C20E10E0095C466 /* AlgorythmTests.m */,
				C1C23B281C20E10E0095C466 /* Info.plist */,
			);
			path = AlgorythmTests;
			sourceTree = "<group>";
		};
		C1C23B301C20E10E0095C466 /* AlgorythmUITests */ = {
			isa = PBXGroup;
			children = (
				C1C23B311C20E10E0095C466 /* AlgorythmUITests.m */,
				C1C23B331C20E10E0095C466 /* Info.plist */,
			);
			path = AlgorythmUITests;
			sourceTree = "<group>";
		};
/* End PBXGroup section */

/* Begin PBXNativeTarget section */
		C1C23B081C20E10D0095C466 /* Algorythm */ = {
			isa = PBXNativeTarget;
			buildConfigurationList = C1C23B361C20E10E0095C466 /* Build configuration list for PBXNativeTarget "Algorythm" */;
			buildPhases = (
				C1C23B051C20E10D0095C466 /* Sources */,
				C1C23B061C20E10D0095C466 /* Frameworks */,
				C1C23B071C20E10D0095C466 /* Resources */,
			);
			buildRules = (
			);
			dependencies = (
			);
			name = Algorythm;
			productName = Algorythm;
			productReference = C1C23B091C20E10D0095C466 /* Algorythm.app */;
			productType = "com.apple.product-type.application";
		};
		C1C23B211C20E10E0095C466 /* AlgorythmTests */ = {
			isa = PBXNativeTarget;
			buildConfigurationList = C1C23B391C20E10E0095C466 /* Build configuration list for PBXNativeTarget "AlgorythmTests" */;
			buildPhases = (
				C1C23B1E1C20E10E0095C466 /* Sources */,
				C1C23B1F1C20E10E0095C466 /* Frameworks */,
				C1C23B201C20E10E0095C466 /* Resources */,
			);
			buildRules = (
			);
			dependencies = (
				C1C23B241C20E10E0095C466 /* PBXTargetDependency */,
			);
			name = AlgorythmTests;
			productName = AlgorythmTests;
			productReference = C1C23B221C20E10E0095C466 /* AlgorythmTests.xctest */;
			productType = "com.apple.product-type.bundle.unit-test";
		};
		C1C23B2C1C20E10E0095C466 /* AlgorythmUITests */ = {
			isa = PBXNativeTarget;
			buildConfigurationList = C1C23B3C1C20E10E0095C466 /* Build configuration list for PBXNativeTarget "AlgorythmUITests" */;
			buildPhases = (
				C1C23B291C20E10E0095C466 /* Sources */,
				C1C23B2A1C20E10E0095C466 /* Frameworks */,
				C1C23B2B1C20E10E0095C466 /* Resources */,
			);
			buildRules = (
			);
			dependencies = (
				C1C23B2F1C20E10E0095C466 /* PBXTargetDependency */,
			);
			name = AlgorythmUITests;
			productName = AlgorythmUITests;
			productReference = C1C23B2D1C20E10E0095C466 /* AlgorythmUITests.xctest */;
			productType = "com.apple.product-type.bundle.ui-testing";
		};
/* End PBXNativeTarget section */

/* Begin PBXProject section */
		C1C23B011C20E10D0095C466 /* Project object */ = {
			isa = PBXProject;
			attributes = {
				LastUpgradeCheck = 0710;
				ORGANIZATIONNAME = "Sergey Zhuchkov";
				TargetAttributes = {
					C1C23B081C20E10D0095C466 = {
						CreatedOnToolsVersion = 7.1;
						DevelopmentTeam = QCJ4S4T69R;
					};
					C1C23B211C20E10E0095C466 = {
						CreatedOnToolsVersion = 7.1;
						DevelopmentTeam = QCJ4S4T69R;
						TestTargetID = C1C23B081C20E10D0095C466;
					};
					C1C23B2C1C20E10E0095C466 = {
						CreatedOnToolsVersion = 7.1;
						DevelopmentTeam = QCJ4S4T69R;
						TestTargetID = C1C23B081C20E10D0095C466;
					};
				};
			};
			buildConfigurationList = C1C23B041C20E10D0095C466 /* Build configuration list for PBXProject "Algorythm" */;
			compatibilityVersion = "Xcode 3.2";
			developmentRegion = English;
			hasScannedForEncodings = 0;
			knownRegions = (
				en,
				Base,
			);
			mainGroup = C1C23B001C20E10D0095C466;
			productRefGroup = C1C23B0A1C20E10D0095C466 /* Products */;
			projectDirPath = "";
			projectRoot = "";
			targets = (
				C1C23B081C20E10D0095C466 /* Algorythm */,
				C1C23B211C20E10E0095C466 /* AlgorythmTests */,
				C1C23B2C1C20E10E0095C466 /* AlgorythmUITests */,
			);
		};
/* End PBXProject section */

/* Begin PBXResourcesBuildPhase section */
		C1C23B071C20E10D0095C466 /* Resources */ = {
			isa = PBXResourcesBuildPhase;
			buildActionMask = 2147483647;
			files = (
				C1C23B1C1C20E10E0095C466 /* LaunchScreen.storyboard in Resources */,
				C1C23B191C20E10E0095C466 /* Assets.xcassets in Resources */,
				C1C23B171C20E10D0095C466 /* Main.storyboard in Resources */,
			);
			runOnlyForDeploymentPostprocessing = 0;
		};
		C1C23B201C20E10E0095C466 /* Resources */ = {
			isa = PBXResourcesBuildPhase;
			buildActionMask = 2147483647;
			files = (
			);
			runOnlyForDeploymentPostprocessing = 0;
		};
		C1C23B2B1C20E10E0095C466 /* Resources */ = {
			isa = PBXResourcesBuildPhase;
			buildActionMask = 2147483647;
			files = (
			);
			runOnlyForDeploymentPostprocessing = 0;
		};
/* End PBXResourcesBuildPhase section */

/* Begin PBXSourcesBuildPhase section */
		C1C23B051C20E10D0095C466 /* Sources */ = {
			isa = PBXSourcesBuildPhase;
			buildActionMask = 2147483647;
			files = (
				C1C23B141C20E10D0095C466 /* PlaylistMasterViewController.m in Sources */,
				C1004A801CAC78B500E78E5E /* Playlist.m in Sources */,
				C1C23B411C20EB020095C466 /* PlaylistDetailViewController.m in Sources */,
				C1C23B111C20E10D0095C466 /* AppDelegate.m in Sources */,
				C1C23B0E1C20E10D0095C466 /* main.m in Sources */,
				C1F7A7C11C25E5D1005A0228 /* MusicLibrary.m in Sources */,
			);
			runOnlyForDeploymentPostprocessing = 0;
		};
		C1C23B1E1C20E10E0095C466 /* Sources */ = {
			isa = PBXSourcesBuildPhase;
			buildActionMask = 2147483647;
			files = (
				C1C23B271C20E10E0095C466 /* AlgorythmTests.m in Sources */,
			);
			runOnlyForDeploymentPostprocessing = 0;
		};
		C1C23B291C20E10E0095C466 /* Sources */ = {
			isa = PBXSourcesBuildPhase;
			buildActionMask = 2147483647;
			files = (
				C1C23B321C20E10E0095C466 /* AlgorythmUITests.m in Sources */,
			);
			runOnlyForDeploymentPostprocessing = 0;
		};
/* End PBXSourcesBuildPhase section */

/* Begin PBXTargetDependency section */
		C1C23B241C20E10E0095C466 /* PBXTargetDependency */ = {
			isa = PBXTargetDependency;
			target = C1C23B081C20E10D0095C466 /* Algorythm */;
			targetProxy = C1C23B231C20E10E0095C466 /* PBXContainerItemProxy */;
		};
		C1C23B2F1C20E10E0095C466 /* PBXTargetDependency */ = {
			isa = PBXTargetDependency;
			target = C1C23B081C20E10D0095C466 /* Algorythm */;
			targetProxy = C1C23B2E1C20E10E0095C466 /* PBXContainerItemProxy */;
		};
/* End PBXTargetDependency section */

/* Begin PBXVariantGroup section */
		C1C23B151C20E10D0095C466 /* Main.storyboard */ = {
			isa = PBXVariantGroup;
			children = (
				C1C23B161C20E10D0095C466 /* Base */,
			);
			name = Main.storyboard;
			sourceTree = "<group>";
		};
		C1C23B1A1C20E10E0095C466 /* LaunchScreen.storyboard */ = {
			isa = PBXVariantGroup;
			children = (
				C1C23B1B1C20E10E0095C466 /* Base */,
			);
			name = LaunchScreen.storyboard;
			sourceTree = "<group>";
		};
/* End PBXVariantGroup section */

/* Begin XCBuildConfiguration section */
		C1C23B341C20E10E0095C466 /* Debug */ = {
			isa = XCBuildConfiguration;
			buildSettings = {
				ALWAYS_SEARCH_USER_PATHS = NO;
				CLANG_CXX_LANGUAGE_STANDARD = "gnu++0x";
				CLANG_CXX_LIBRARY = "libc++";
				CLANG_ENABLE_MODULES = YES;
				CLANG_ENABLE_OBJC_ARC = YES;
				CLANG_WARN_BOOL_CONVERSION = YES;
				CLANG_WARN_CONSTANT_CONVERSION = YES;
				CLANG_WARN_DIRECT_OBJC_ISA_USAGE = YES_ERROR;
				CLANG_WARN_EMPTY_BODY = YES;
				CLANG_WARN_ENUM_CONVERSION = YES;
				CLANG_WARN_INT_CONVERSION = YES;
				CLANG_WARN_OBJC_ROOT_CLASS = YES_ERROR;
				CLANG_WARN_UNREACHABLE_CODE = YES;
				CLANG_WARN__DUPLICATE_METHOD_MATCH = YES;
				"CODE_SIGN_IDENTITY[sdk=iphoneos*]" = "iPhone Developer";
				COPY_PHASE_STRIP = NO;
				DEBUG_INFORMATION_FORMAT = dwarf;
				ENABLE_STRICT_OBJC_MSGSEND = YES;
				ENABLE_TESTABILITY = YES;
				GCC_C_LANGUAGE_STANDARD = gnu99;
				GCC_DYNAMIC_NO_PIC = NO;
				GCC_NO_COMMON_BLOCKS = YES;
				GCC_OPTIMIZATION_LEVEL = 0;
				GCC_PREPROCESSOR_DEFINITIONS = (
					"DEBUG=1",
					"$(inherited)",
				);
				GCC_WARN_64_TO_32_BIT_CONVERSION = YES;
				GCC_WARN_ABOUT_RETURN_TYPE = YES_ERROR;
				GCC_WARN_UNDECLARED_SELECTOR = YES;
				GCC_WARN_UNINITIALIZED_AUTOS = YES_AGGRESSIVE;
				GCC_WARN_UNUSED_FUNCTION = YES;
				GCC_WARN_UNUSED_VARIABLE = YES;
				IPHONEOS_DEPLOYMENT_TARGET = 9.1;
				MTL_ENABLE_DEBUG_INFO = YES;
				ONLY_ACTIVE_ARCH = YES;
				SDKROOT = iphoneos;
			};
			name = Debug;
		};
		C1C23B351C20E10E0095C466 /* Release */ = {
			isa = XCBuildConfiguration;
			buildSettings = {
				ALWAYS_SEARCH_USER_PATHS = NO;
				CLANG_CXX_LANGUAGE_STANDARD = "gnu++0x";
				CLANG_CXX_LIBRARY = "libc++";
				CLANG_ENABLE_MODULES = YES;
				CLANG_ENABLE_OBJC_ARC = YES;
				CLANG_WARN_BOOL_CONVERSION = YES;
				CLANG_WARN_CONSTANT_CONVERSION = YES;
				CLANG_WARN_DIRECT_OBJC_ISA_USAGE = YES_ERROR;
				CLANG_WARN_EMPTY_BODY = YES;
				CLANG_WARN_ENUM_CONVERSION = YES;
				CLANG_WARN_INT_CONVERSION = YES;
				CLANG_WARN_OBJC_ROOT_CLASS = YES_ERROR;
				CLANG_WARN_UNREACHABLE_CODE = YES;
				CLANG_WARN__DUPLICATE_METHOD_MATCH = YES;
				"CODE_SIGN_IDENTITY[sdk=iphoneos*]" = "iPhone Developer";
				COPY_PHASE_STRIP = NO;
				DEBUG_INFORMATION_FORMAT = "dwarf-with-dsym";
				ENABLE_NS_ASSERTIONS = NO;
				ENABLE_STRICT_OBJC_MSGSEND = YES;
				GCC_C_LANGUAGE_STANDARD = gnu99;
				GCC_NO_COMMON_BLOCKS = YES;
				GCC_WARN_64_TO_32_BIT_CONVERSION = YES;
				GCC_WARN_ABOUT_RETURN_TYPE = YES_ERROR;
				GCC_WARN_UNDECLARED_SELECTOR = YES;
				GCC_WARN_UNINITIALIZED_AUTOS = YES_AGGRESSIVE;
				GCC_WARN_UNUSED_FUNCTION = YES;
				GCC_WARN_UNUSED_VARIABLE = YES;
				IPHONEOS_DEPLOYMENT_TARGET = 9.1;
				MTL_ENABLE_DEBUG_INFO = NO;
				SDKROOT = iphoneos;
				VALIDATE_PRODUCT = YES;
			};
			name = Release;
		};
		C1C23B371C20E10E0095C466 /* Debug */ = {
			isa = XCBuildConfiguration;
			buildSettings = {
				ASSETCATALOG_COMPILER_APPICON_NAME = AppIcon;
				INFOPLIST_FILE = Algorythm/Info.plist;
				LD_RUNPATH_SEARCH_PATHS = "$(inherited) @executable_path/Frameworks";
				PRODUCT_BUNDLE_IDENTIFIER = com.mygood.Algorythm;
				PRODUCT_NAME = "$(TARGET_NAME)";
			};
			name = Debug;
		};
		C1C23B381C20E10E0095C466 /* Release */ = {
			isa = XCBuildConfiguration;
			buildSettings = {
				ASSETCATALOG_COMPILER_APPICON_NAME = AppIcon;
				INFOPLIST_FILE = Algorythm/Info.plist;
				LD_RUNPATH_SEARCH_PATHS = "$(inherited) @executable_path/Frameworks";
				PRODUCT_BUNDLE_IDENTIFIER = com.mygood.Algorythm;
				PRODUCT_NAME = "$(TARGET_NAME)";
			};
			name = Release;
		};
		C1C23B3A1C20E10E0095C466 /* Debug */ = {
			isa = XCBuildConfiguration;
			buildSettings = {
				BUNDLE_LOADER = "$(TEST_HOST)";
				INFOPLIST_FILE = AlgorythmTests/Info.plist;
				LD_RUNPATH_SEARCH_PATHS = "$(inherited) @executable_path/Frameworks @loader_path/Frameworks";
				PRODUCT_BUNDLE_IDENTIFIER = com.mygood.AlgorythmTests;
				PRODUCT_NAME = "$(TARGET_NAME)";
				TEST_HOST = "$(BUILT_PRODUCTS_DIR)/Algorythm.app/Algorythm";
			};
			name = Debug;
		};
		C1C23B3B1C20E10E0095C466 /* Release */ = {
			isa = XCBuildConfiguration;
			buildSettings = {
				BUNDLE_LOADER = "$(TEST_HOST)";
				INFOPLIST_FILE = AlgorythmTests/Info.plist;
				LD_RUNPATH_SEARCH_PATHS = "$(inherited) @executable_path/Frameworks @loader_path/Frameworks";
				PRODUCT_BUNDLE_IDENTIFIER = com.mygood.AlgorythmTests;
				PRODUCT_NAME = "$(TARGET_NAME)";
				TEST_HOST = "$(BUILT_PRODUCTS_DIR)/Algorythm.app/Algorythm";
			};
			name = Release;
		};
		C1C23B3D1C20E10E0095C466 /* Debug */ = {
			isa = XCBuildConfiguration;
			buildSettings = {
				INFOPLIST_FILE = AlgorythmUITests/Info.plist;
				LD_RUNPATH_SEARCH_PATHS = "$(inherited) @executable_path/Frameworks @loader_path/Frameworks";
				PRODUCT_BUNDLE_IDENTIFIER = com.mygood.AlgorythmUITests;
				PRODUCT_NAME = "$(TARGET_NAME)";
				TEST_TARGET_NAME = Algorythm;
				USES_XCTRUNNER = YES;
			};
			name = Debug;
		};
		C1C23B3E1C20E10E0095C466 /* Release */ = {
			isa = XCBuildConfiguration;
			buildSettings = {
				INFOPLIST_FILE = AlgorythmUITests/Info.plist;
				LD_RUNPATH_SEARCH_PATHS = "$(inherited) @executable_path/Frameworks @loader_path/Frameworks";
				PRODUCT_BUNDLE_IDENTIFIER = com.mygood.AlgorythmUITests;
				PRODUCT_NAME = "$(TARGET_NAME)";
				TEST_TARGET_NAME = Algorythm;
				USES_XCTRUNNER = YES;
			};
			name = Release;
		};
/* End XCBuildConfiguration section */

/* Begin XCConfigurationList section */
		C1C23B041C20E10D0095C466 /* Build configuration list for PBXProject "Algorythm" */ = {
			isa = XCConfigurationList;
			buildConfigurations = (
				C1C23B341C20E10E0095C466 /* Debug */,
				C1C23B351C20E10E0095C466 /* Release */,
			);
			defaultConfigurationIsVisible = 0;
			defaultConfigurationName = Release;
		};
		C1C23B361C20E10E0095C466 /* Build configuration list for PBXNativeTarget "Algorythm" */ = {
			isa = XCConfigurationList;
			buildConfigurations = (
				C1C23B371C20E10E0095C466 /* Debug */,
				C1C23B381C20E10E0095C466 /* Release */,
			);
			defaultConfigurationIsVisible = 0;
			defaultConfigurationName = Release;
		};
		C1C23B391C20E10E0095C466 /* Build configuration list for PBXNativeTarget "AlgorythmTests" */ = {
			isa = XCConfigurationList;
			buildConfigurations = (
				C1C23B3A1C20E10E0095C466 /* Debug */,
				C1C23B3B1C20E10E0095C466 /* Release */,
			);
			defaultConfigurationIsVisible = 0;
			defaultConfigurationName = Release;
		};
		C1C23B3C1C20E10E0095C466 /* Build configuration list for PBXNativeTarget "AlgorythmUITests" */ = {
			isa = XCConfigurationList;
			buildConfigurations = (
				C1C23B3D1C20E10E0095C466 /* Debug */,
				C1C23B3E1C20E10E0095C466 /* Release */,
			);
			defaultConfigurationIsVisible = 0;
			defaultConfigurationName = Release;
		};
/* End XCConfigurationList section */
	};
	rootObject = C1C23B011C20E10D0095C466 /* Project object */;
}
